
Microsoft Visual Studio Solution File, Format Version 12.00
# Visual Studio 15
VisualStudioVersion = 15.0.26730.10
MinimumVisualStudioVersion = 10.0.40219.1
Project("{9A19103F-16F7-4668-BE54-9A1E7A4F7556}") = "TransactionOverview.Repository", "..\TransactionOverview.Repository\TransactionOverview.Repository.csproj", "{44524CF0-3008-441D-90A3-685453D2685F}"
EndProject
Project("{9A19103F-16F7-4668-BE54-9A1E7A4F7556}") = "TransactionOverviewApp", "TransactionOverviewApp.csproj", "{A9A69CB7-1E2A-4155-9AAF-A0AD1988D9AB}"
EndProject
Global
	GlobalSection(SolutionConfigurationPlatforms) = preSolution
		Debug|Any CPU = Debug|Any CPU
		Release|Any CPU = Release|Any CPU
	EndGlobalSection
	GlobalSection(ProjectConfigurationPlatforms) = postSolution
		{44524CF0-3008-441D-90A3-685453D2685F}.Debug|Any CPU.ActiveCfg = Debug|Any CPU
		{44524CF0-3008-441D-90A3-685453D2685F}.Debug|Any CPU.Build.0 = Debug|Any CPU
		{44524CF0-3008-441D-90A3-685453D2685F}.Release|Any CPU.ActiveCfg = Release|Any CPU
		{44524CF0-3008-441D-90A3-685453D2685F}.Release|Any CPU.Build.0 = Release|Any CPU
		{A9A69CB7-1E2A-4155-9AAF-A0AD1988D9AB}.Debug|Any CPU.ActiveCfg = Debug|Any CPU
		{A9A69CB7-1E2A-4155-9AAF-A0AD1988D9AB}.Debug|Any CPU.Build.0 = Debug|Any CPU
		{A9A69CB7-1E2A-4155-9AAF-A0AD1988D9AB}.Release|Any CPU.ActiveCfg = Release|Any CPU
		{A9A69CB7-1E2A-4155-9AAF-A0AD1988D9AB}.Release|Any CPU.Build.0 = Release|Any CPU
	EndGlobalSection
	GlobalSection(SolutionProperties) = preSolution
		HideSolutionNode = FALSE
	EndGlobalSection
	GlobalSection(ExtensibilityGlobals) = postSolution
		SolutionGuid = {A2F3166A-112B-4210-8BDC-1A907D7CD658}
	EndGlobalSection
EndGlobal
